
Microsoft Visual Studio Solution File, Format Version 12.00
# Visual Studio Version 17
VisualStudioVersion = 17.14.36310.24
MinimumVisualStudioVersion = 10.0.40219.1
Project("{FAE04EC0-301F-11D3-BF4B-00C04F79EFBC}") = "eShopLite.Store", "src\eShopLite.Store\eShopLite.Store.csproj", "{66DB0D41-87AC-49E0-978B-BA2C3C053C2D}"
EndProject
Project("{FAE04EC0-301F-11D3-BF4B-00C04F79EFBC}") = "eShopLite.Products", "src\eShopLite.Products\eShopLite.Products.csproj", "{B84F3654-DDAF-42C5-94F9-B5441E37A046}"
EndProject
Project("{FAE04EC0-301F-11D3-BF4B-00C04F79EFBC}") = "eShopLite.StoreInfo", "src\eShopLite.StoreInfo\eShopLite.StoreInfo.csproj", "{566AC275-DAF1-47D5-AEB2-1F4EEEE1D484}"
EndProject
Project("{FAE04EC0-301F-11D3-BF4B-00C04F79EFBC}") = "eShopLite.AppHost", "src\eShopLite.AppHost\eShopLite.AppHost.csproj", "{D2F1E678-199F-4F41-B070-FE784B350D7E}"
EndProject
Project("{FAE04EC0-301F-11D3-BF4B-00C04F79EFBC}") = "eShopLite.ServiceDefaults", "src\eShopLite.ServiceDefaults\eShopLite.ServiceDefaults.csproj", "{84630803-5913-1A87-E6F6-A126994CB532}"
EndProject
Global
	GlobalSection(SolutionConfigurationPlatforms) = preSolution
		Debug|Any CPU = Debug|Any CPU
		Release|Any CPU = Release|Any CPU
	EndGlobalSection
	GlobalSection(ProjectConfigurationPlatforms) = postSolution
		{66DB0D41-87AC-49E0-978B-BA2C3C053C2D}.Debug|Any CPU.ActiveCfg = Debug|Any CPU
		{66DB0D41-87AC-49E0-978B-BA2C3C053C2D}.Debug|Any CPU.Build.0 = Debug|Any CPU
		{66DB0D41-87AC-49E0-978B-BA2C3C053C2D}.Release|Any CPU.ActiveCfg = Release|Any CPU
		{66DB0D41-87AC-49E0-978B-BA2C3C053C2D}.Release|Any CPU.Build.0 = Release|Any CPU
		{B84F3654-DDAF-42C5-94F9-B5441E37A046}.Debug|Any CPU.ActiveCfg = Debug|Any CPU
		{B84F3654-DDAF-42C5-94F9-B5441E37A046}.Debug|Any CPU.Build.0 = Debug|Any CPU
		{B84F3654-DDAF-42C5-94F9-B5441E37A046}.Release|Any CPU.ActiveCfg = Release|Any CPU
		{B84F3654-DDAF-42C5-94F9-B5441E37A046}.Release|Any CPU.Build.0 = Release|Any CPU
		{566AC275-DAF1-47D5-AEB2-1F4EEEE1D484}.Debug|Any CPU.ActiveCfg = Debug|Any CPU
		{566AC275-DAF1-47D5-AEB2-1F4EEEE1D484}.Debug|Any CPU.Build.0 = Debug|Any CPU
		{566AC275-DAF1-47D5-AEB2-1F4EEEE1D484}.Release|Any CPU.ActiveCfg = Release|Any CPU
		{566AC275-DAF1-47D5-AEB2-1F4EEEE1D484}.Release|Any CPU.Build.0 = Release|Any CPU
		{D2F1E678-199F-4F41-B070-FE784B350D7E}.Debug|Any CPU.ActiveCfg = Debug|Any CPU
		{D2F1E678-199F-4F41-B070-FE784B350D7E}.Debug|Any CPU.Build.0 = Debug|Any CPU
		{D2F1E678-199F-4F41-B070-FE784B350D7E}.Release|Any CPU.ActiveCfg = Release|Any CPU
		{D2F1E678-199F-4F41-B070-FE784B350D7E}.Release|Any CPU.Build.0 = Release|Any CPU
		{84630803-5913-1A87-E6F6-A126994CB532}.Debug|Any CPU.ActiveCfg = Debug|Any CPU
		{84630803-5913-1A87-E6F6-A126994CB532}.Debug|Any CPU.Build.0 = Debug|Any CPU
		{84630803-5913-1A87-E6F6-A126994CB532}.Release|Any CPU.ActiveCfg = Release|Any CPU
		{84630803-5913-1A87-E6F6-A126994CB532}.Release|Any CPU.Build.0 = Release|Any CPU
	EndGlobalSection
	GlobalSection(SolutionProperties) = preSolution
		HideSolutionNode = FALSE
	EndGlobalSection
	GlobalSection(ExtensibilityGlobals) = postSolution
		SolutionGuid = {54B90218-6486-43FB-A04C-9D2C68CF25EB}
	EndGlobalSection
EndGlobal
